
Microsoft Visual Studio Solution File, Format Version 12.00
# Visual Studio Version 16
VisualStudioVersion = 16.6.30114.105
MinimumVisualStudioVersion = 10.0.40219.1
Project("{FAE04EC0-301F-11D3-BF4B-00C04F79EFBC}") = "API", "API\API.csproj", "{0EA4149E-8BD0-4154-8159-819536DDAAAB}"
EndProject
Project("{FAE04EC0-301F-11D3-BF4B-00C04F79EFBC}") = "Application", "Application\Application.csproj", "{40C79A6D-B509-412B-8E2E-64B2E31A4B4C}"
EndProject
Project("{FAE04EC0-301F-11D3-BF4B-00C04F79EFBC}") = "Persistence", "Persistence\Persistence.csproj", "{2BEEA3AD-8FAC-4F43-B34F-849D1E0DA2DF}"
EndProject
Project("{FAE04EC0-301F-11D3-BF4B-00C04F79EFBC}") = "Domain", "Domain\Domain.csproj", "{1A1B099C-560B-4194-B94E-ADDA1865C360}"
EndProject
Global
	GlobalSection(SolutionConfigurationPlatforms) = preSolution
		Debug|Any CPU = Debug|Any CPU
		Debug|x64 = Debug|x64
		Debug|x86 = Debug|x86
		Release|Any CPU = Release|Any CPU
		Release|x64 = Release|x64
		Release|x86 = Release|x86
	EndGlobalSection
	GlobalSection(SolutionProperties) = preSolution
		HideSolutionNode = FALSE
	EndGlobalSection
	GlobalSection(ProjectConfigurationPlatforms) = postSolution
		{0EA4149E-8BD0-4154-8159-819536DDAAAB}.Debug|Any CPU.ActiveCfg = Debug|Any CPU
		{0EA4149E-8BD0-4154-8159-819536DDAAAB}.Debug|Any CPU.Build.0 = Debug|Any CPU
		{0EA4149E-8BD0-4154-8159-819536DDAAAB}.Debug|x64.ActiveCfg = Debug|Any CPU
		{0EA4149E-8BD0-4154-8159-819536DDAAAB}.Debug|x64.Build.0 = Debug|Any CPU
		{0EA4149E-8BD0-4154-8159-819536DDAAAB}.Debug|x86.ActiveCfg = Debug|Any CPU
		{0EA4149E-8BD0-4154-8159-819536DDAAAB}.Debug|x86.Build.0 = Debug|Any CPU
		{0EA4149E-8BD0-4154-8159-819536DDAAAB}.Release|Any CPU.ActiveCfg = Release|Any CPU
		{0EA4149E-8BD0-4154-8159-819536DDAAAB}.Release|Any CPU.Build.0 = Release|Any CPU
		{0EA4149E-8BD0-4154-8159-819536DDAAAB}.Release|x64.ActiveCfg = Release|Any CPU
		{0EA4149E-8BD0-4154-8159-819536DDAAAB}.Release|x64.Build.0 = Release|Any CPU
		{0EA4149E-8BD0-4154-8159-819536DDAAAB}.Release|x86.ActiveCfg = Release|Any CPU
		{0EA4149E-8BD0-4154-8159-819536DDAAAB}.Release|x86.Build.0 = Release|Any CPU
		{40C79A6D-B509-412B-8E2E-64B2E31A4B4C}.Debug|Any CPU.ActiveCfg = Debug|Any CPU
		{40C79A6D-B509-412B-8E2E-64B2E31A4B4C}.Debug|Any CPU.Build.0 = Debug|Any CPU
		{40C79A6D-B509-412B-8E2E-64B2E31A4B4C}.Debug|x64.ActiveCfg = Debug|Any CPU
		{40C79A6D-B509-412B-8E2E-64B2E31A4B4C}.Debug|x64.Build.0 = Debug|Any CPU
		{40C79A6D-B509-412B-8E2E-64B2E31A4B4C}.Debug|x86.ActiveCfg = Debug|Any CPU
		{40C79A6D-B509-412B-8E2E-64B2E31A4B4C}.Debug|x86.Build.0 = Debug|Any CPU
		{40C79A6D-B509-412B-8E2E-64B2E31A4B4C}.Release|Any CPU.ActiveCfg = Release|Any CPU
		{40C79A6D-B509-412B-8E2E-64B2E31A4B4C}.Release|Any CPU.Build.0 = Release|Any CPU
		{40C79A6D-B509-412B-8E2E-64B2E31A4B4C}.Release|x64.ActiveCfg = Release|Any CPU
		{40C79A6D-B509-412B-8E2E-64B2E31A4B4C}.Release|x64.Build.0 = Release|Any CPU
		{40C79A6D-B509-412B-8E2E-64B2E31A4B4C}.Release|x86.ActiveCfg = Release|Any CPU
		{40C79A6D-B509-412B-8E2E-64B2E31A4B4C}.Release|x86.Build.0 = Release|Any CPU
		{2BEEA3AD-8FAC-4F43-B34F-849D1E0DA2DF}.Debug|Any CPU.ActiveCfg = Debug|Any CPU
		{2BEEA3AD-8FAC-4F43-B34F-849D1E0DA2DF}.Debug|Any CPU.Build.0 = Debug|Any CPU
		{2BEEA3AD-8FAC-4F43-B34F-849D1E0DA2DF}.Debug|x64.ActiveCfg = Debug|Any CPU
		{2BEEA3AD-8FAC-4F43-B34F-849D1E0DA2DF}.Debug|x64.Build.0 = Debug|Any CPU
		{2BEEA3AD-8FAC-4F43-B34F-849D1E0DA2DF}.Debug|x86.ActiveCfg = Debug|Any CPU
		{2BEEA3AD-8FAC-4F43-B34F-849D1E0DA2DF}.Debug|x86.Build.0 = Debug|Any CPU
		{2BEEA3AD-8FAC-4F43-B34F-849D1E0DA2DF}.Release|Any CPU.ActiveCfg = Release|Any CPU
		{2BEEA3AD-8FAC-4F43-B34F-849D1E0DA2DF}.Release|Any CPU.Build.0 = Release|Any CPU
		{2BEEA3AD-8FAC-4F43-B34F-849D1E0DA2DF}.Release|x64.ActiveCfg = Release|Any CPU
		{2BEEA3AD-8FAC-4F43-B34F-849D1E0DA2DF}.Release|x64.Build.0 = Release|Any CPU
		{2BEEA3AD-8FAC-4F43-B34F-849D1E0DA2DF}.Release|x86.ActiveCfg = Release|Any CPU
		{2BEEA3AD-8FAC-4F43-B34F-849D1E0DA2DF}.Release|x86.Build.0 = Release|Any CPU
		{1A1B099C-560B-4194-B94E-ADDA1865C360}.Debug|Any CPU.ActiveCfg = Debug|Any CPU
		{1A1B099C-560B-4194-B94E-ADDA1865C360}.Debug|Any CPU.Build.0 = Debug|Any CPU
		{1A1B099C-560B-4194-B94E-ADDA1865C360}.Debug|x64.ActiveCfg = Debug|Any CPU
		{1A1B099C-560B-4194-B94E-ADDA1865C360}.Debug|x64.Build.0 = Debug|Any CPU
		{1A1B099C-560B-4194-B94E-ADDA1865C360}.Debug|x86.ActiveCfg = Debug|Any CPU
		{1A1B099C-560B-4194-B94E-ADDA1865C360}.Debug|x86.Build.0 = Debug|Any CPU
		{1A1B099C-560B-4194-B94E-ADDA1865C360}.Release|Any CPU.ActiveCfg = Release|Any CPU
		{1A1B099C-560B-4194-B94E-ADDA1865C360}.Release|Any CPU.Build.0 = Release|Any CPU
		{1A1B099C-560B-4194-B94E-ADDA1865C360}.Release|x64.ActiveCfg = Release|Any CPU
		{1A1B099C-560B-4194-B94E-ADDA1865C360}.Release|x64.Build.0 = Release|Any CPU
		{1A1B099C-560B-4194-B94E-ADDA1865C360}.Release|x86.ActiveCfg = Release|Any CPU
		{1A1B099C-560B-4194-B94E-ADDA1865C360}.Release|x86.Build.0 = Release|Any CPU
	EndGlobalSection
EndGlobal
